
Microsoft Visual Studio Solution File, Format Version 12.00
# Visual Studio Version 17
VisualStudioVersion = 17.7.34221.43
MinimumVisualStudioVersion = 10.0.40219.1
Project("{8BC9CEB8-8B4A-11D0-8D11-00A0C91BC942}") = "LearnC", "LearnC\LearnC.vcxproj", "{607B11FB-2C27-4C0F-A832-825EA7AA2E12}"
EndProject
Global
	GlobalSection(SolutionConfigurationPlatforms) = preSolution
		Debug|x64 = Debug|x64
		Debug|x86 = Debug|x86
		Release|x64 = Release|x64
		Release|x86 = Release|x86
	EndGlobalSection
	GlobalSection(ProjectConfigurationPlatforms) = postSolution
		{607B11FB-2C27-4C0F-A832-825EA7AA2E12}.Debug|x64.ActiveCfg = Debug|x64
		{607B11FB-2C27-4C0F-A832-825EA7AA2E12}.Debug|x64.Build.0 = Debug|x64
		{607B11FB-2C27-4C0F-A832-825EA7AA2E12}.Debug|x86.ActiveCfg = Debug|Win32
		{607B11FB-2C27-4C0F-A832-825EA7AA2E12}.Debug|x86.Build.0 = Debug|Win32
		{607B11FB-2C27-4C0F-A832-825EA7AA2E12}.Release|x64.ActiveCfg = Release|x64
		{607B11FB-2C27-4C0F-A832-825EA7AA2E12}.Release|x64.Build.0 = Release|x64
		{607B11FB-2C27-4C0F-A832-825EA7AA2E12}.Release|x86.ActiveCfg = Release|Win32
		{607B11FB-2C27-4C0F-A832-825EA7AA2E12}.Release|x86.Build.0 = Release|Win32
	EndGlobalSection
	GlobalSection(SolutionProperties) = preSolution
		HideSolutionNode = FALSE
	EndGlobalSection
	GlobalSection(ExtensibilityGlobals) = postSolution
		SolutionGuid = {473FCFA1-5942-4A46-8D04-CD9EAD8995DD}
	EndGlobalSection
EndGlobal
